
Microsoft Visual Studio Solution File, Format Version 12.00
# Visual Studio Version 16
VisualStudioVersion = 16.0.30907.101
MinimumVisualStudioVersion = 10.0.40219.1
Project("{FAE04EC0-301F-11D3-BF4B-00C04F79EFBC}") = "DataAccess", "DataAccess\DataAccess.csproj", "{2DEAA26E-3283-4BBA-9619-31C34D3C365D}"
EndProject
Project("{FAE04EC0-301F-11D3-BF4B-00C04F79EFBC}") = "Business", "Business\Business.csproj", "{25C84E9F-66FE-41ED-9146-71B9E23F6FBD}"
EndProject
Project("{FAE04EC0-301F-11D3-BF4B-00C04F79EFBC}") = "Entities", "Entities\Entities.csproj", "{6E8C6B0F-AE55-4850-9060-7B379178EF22}"
EndProject
Project("{FAE04EC0-301F-11D3-BF4B-00C04F79EFBC}") = "Console", "ConsoleUI\Console.csproj", "{451C8349-429B-485F-B1AB-5CBBD6A6272A}"
EndProject
Global
	GlobalSection(SolutionConfigurationPlatforms) = preSolution
		Debug|Any CPU = Debug|Any CPU
		Release|Any CPU = Release|Any CPU
	EndGlobalSection
	GlobalSection(ProjectConfigurationPlatforms) = postSolution
		{2DEAA26E-3283-4BBA-9619-31C34D3C365D}.Debug|Any CPU.ActiveCfg = Debug|Any CPU
		{2DEAA26E-3283-4BBA-9619-31C34D3C365D}.Debug|Any CPU.Build.0 = Debug|Any CPU
		{2DEAA26E-3283-4BBA-9619-31C34D3C365D}.Release|Any CPU.ActiveCfg = Release|Any CPU
		{2DEAA26E-3283-4BBA-9619-31C34D3C365D}.Release|Any CPU.Build.0 = Release|Any CPU
		{25C84E9F-66FE-41ED-9146-71B9E23F6FBD}.Debug|Any CPU.ActiveCfg = Debug|Any CPU
		{25C84E9F-66FE-41ED-9146-71B9E23F6FBD}.Debug|Any CPU.Build.0 = Debug|Any CPU
		{25C84E9F-66FE-41ED-9146-71B9E23F6FBD}.Release|Any CPU.ActiveCfg = Release|Any CPU
		{25C84E9F-66FE-41ED-9146-71B9E23F6FBD}.Release|Any CPU.Build.0 = Release|Any CPU
		{6E8C6B0F-AE55-4850-9060-7B379178EF22}.Debug|Any CPU.ActiveCfg = Debug|Any CPU
		{6E8C6B0F-AE55-4850-9060-7B379178EF22}.Debug|Any CPU.Build.0 = Debug|Any CPU
		{6E8C6B0F-AE55-4850-9060-7B379178EF22}.Release|Any CPU.ActiveCfg = Release|Any CPU
		{6E8C6B0F-AE55-4850-9060-7B379178EF22}.Release|Any CPU.Build.0 = Release|Any CPU
		{451C8349-429B-485F-B1AB-5CBBD6A6272A}.Debug|Any CPU.ActiveCfg = Debug|Any CPU
		{451C8349-429B-485F-B1AB-5CBBD6A6272A}.Debug|Any CPU.Build.0 = Debug|Any CPU
		{451C8349-429B-485F-B1AB-5CBBD6A6272A}.Release|Any CPU.ActiveCfg = Release|Any CPU
		{451C8349-429B-485F-B1AB-5CBBD6A6272A}.Release|Any CPU.Build.0 = Release|Any CPU
	EndGlobalSection
	GlobalSection(SolutionProperties) = preSolution
		HideSolutionNode = FALSE
	EndGlobalSection
	GlobalSection(ExtensibilityGlobals) = postSolution
		SolutionGuid = {B8D8ECF9-FD56-4C11-8863-285E260C40C0}
	EndGlobalSection
EndGlobal
